
Microsoft Visual Studio Solution File, Format Version 12.00
Project("{2150E333-8FDC-42A3-9474-1A3956D46DE8}") = "Solution Items", "Solution Items", "{F5B58C39-AA28-48BB-A7B0-3974866B8817}"
	ProjectSection(SolutionItems) = preProject
		docker-compose.yml = docker-compose.yml
		.gitlab-ci.yaml = .gitlab-ci.yaml
		Directory.Build.Props = Directory.Build.Props
		Directory.Packages.Props = Directory.Packages.Props
	EndProjectSection
EndProject
Project("{2150E333-8FDC-42A3-9474-1A3956D46DE8}") = "src", "src", "{68D1DF45-C9B1-4B8F-9787-54C378993E52}"
EndProject
Project("{2150E333-8FDC-42A3-9474-1A3956D46DE8}") = "tests", "tests", "{F3F8DC8F-5DCC-4B8B-92B2-579AC76BE8EA}"
EndProject
Project("{FAE04EC0-301F-11D3-BF4B-00C04F79EFBC}") = "ProJect", "src\ProJect\ProJect.csproj", "{E28DF991-3BC1-4EB0-B01C-9E76239590EB}"
EndProject
Global
	GlobalSection(SolutionConfigurationPlatforms) = preSolution
		Debug|Any CPU = Debug|Any CPU
		Release|Any CPU = Release|Any CPU
	EndGlobalSection
	GlobalSection(ProjectConfigurationPlatforms) = postSolution
		{7ACB8DE5-B186-466D-92C7-BF5EAB4024D8}.Debug|Any CPU.ActiveCfg = Debug|Any CPU
		{7ACB8DE5-B186-466D-92C7-BF5EAB4024D8}.Debug|Any CPU.Build.0 = Debug|Any CPU
		{7ACB8DE5-B186-466D-92C7-BF5EAB4024D8}.Release|Any CPU.ActiveCfg = Release|Any CPU
		{7ACB8DE5-B186-466D-92C7-BF5EAB4024D8}.Release|Any CPU.Build.0 = Release|Any CPU
		{E28DF991-3BC1-4EB0-B01C-9E76239590EB}.Debug|Any CPU.ActiveCfg = Debug|Any CPU
		{E28DF991-3BC1-4EB0-B01C-9E76239590EB}.Debug|Any CPU.Build.0 = Debug|Any CPU
		{E28DF991-3BC1-4EB0-B01C-9E76239590EB}.Release|Any CPU.ActiveCfg = Release|Any CPU
		{E28DF991-3BC1-4EB0-B01C-9E76239590EB}.Release|Any CPU.Build.0 = Release|Any CPU
	EndGlobalSection
	GlobalSection(NestedProjects) = preSolution
		{E28DF991-3BC1-4EB0-B01C-9E76239590EB} = {68D1DF45-C9B1-4B8F-9787-54C378993E52}
	EndGlobalSection
EndGlobal
